// !$*UTF8*$!
{
	archiveVersion = 1;
	classes = {
	};
	objectVersion = 77;
	objects = {

/* Begin PBXCopyFilesBuildPhase section */
		353F23F02E95283600E670F3 /* CopyFiles */ = {
			isa = PBXCopyFilesBuildPhase;
			buildActionMask = 2147483647;
			dstPath = /usr/share/man/man1/;
			dstSubfolderSpec = 0;
			files = (
			);
			runOnlyForDeploymentPostprocessing = 1;
		};
		35B20C462E9BC34D005F4A10 /* CopyFiles */ = {
			isa = PBXCopyFilesBuildPhase;
			buildActionMask = 2147483647;
			dstPath = /usr/share/man/man1/;
			dstSubfolderSpec = 0;
			files = (
			);
			runOnlyForDeploymentPostprocessing = 1;
		};
		35CCD1ED2E9BC79000660DE4 /* CopyFiles */ = {
			isa = PBXCopyFilesBuildPhase;
			buildActionMask = 2147483647;
			dstPath = /usr/share/man/man1/;
			dstSubfolderSpec = 0;
			files = (
			);
			runOnlyForDeploymentPostprocessing = 1;
		};
		35CCD1F82E9BC88500660DE4 /* CopyFiles */ = {
			isa = PBXCopyFilesBuildPhase;
			buildActionMask = 2147483647;
			dstPath = /usr/share/man/man1/;
			dstSubfolderSpec = 0;
			files = (
			);
			runOnlyForDeploymentPostprocessing = 1;
		};
/* End PBXCopyFilesBuildPhase section */

/* Begin PBXFileReference section */
		353F23F22E95283600E670F3 /* XcodeCProjects */ = {isa = PBXFileReference; explicitFileType = "compiled.mach-o.executable"; includeInIndex = 0; path = XcodeCProjects; sourceTree = BUILT_PRODUCTS_DIR; };
		35B20C482E9BC34D005F4A10 /* Ex1 */ = {isa = PBXFileReference; explicitFileType = "compiled.mach-o.executable"; includeInIndex = 0; path = Ex1; sourceTree = BUILT_PRODUCTS_DIR; };
		35CCD1EF2E9BC79000660DE4 /* Ex2 */ = {isa = PBXFileReference; explicitFileType = "compiled.mach-o.executable"; includeInIndex = 0; path = Ex2; sourceTree = BUILT_PRODUCTS_DIR; };
		35CCD1FA2E9BC88500660DE4 /* Ex3 */ = {isa = PBXFileReference; explicitFileType = "compiled.mach-o.executable"; includeInIndex = 0; path = Ex3; sourceTree = BUILT_PRODUCTS_DIR; };
/* End PBXFileReference section */

/* Begin PBXFileSystemSynchronizedRootGroup section */
		35B20C492E9BC34D005F4A10 /* Ex1 */ = {
			isa = PBXFileSystemSynchronizedRootGroup;
			path = Ex1;
			sourceTree = "<group>";
		};
		35CCD1F02E9BC79000660DE4 /* Ex2 */ = {
			isa = PBXFileSystemSynchronizedRootGroup;
			path = Ex2;
			sourceTree = "<group>";
		};
		35CCD1FB2E9BC88500660DE4 /* Ex3 */ = {
			isa = PBXFileSystemSynchronizedRootGroup;
			path = Ex3;
			sourceTree = "<group>";
		};
/* End PBXFileSystemSynchronizedRootGroup section */

/* Begin PBXFrameworksBuildPhase section */
		353F23EF2E95283600E670F3 /* Frameworks */ = {
			isa = PBXFrameworksBuildPhase;
			buildActionMask = 2147483647;
			files = (
			);
			runOnlyForDeploymentPostprocessing = 0;
		};
		35B20C452E9BC34D005F4A10 /* Frameworks */ = {
			isa = PBXFrameworksBuildPhase;
			buildActionMask = 2147483647;
			files = (
			);
			runOnlyForDeploymentPostprocessing = 0;
		};
		35CCD1EC2E9BC79000660DE4 /* Frameworks */ = {
			isa = PBXFrameworksBuildPhase;
			buildActionMask = 2147483647;
			files = (
			);
			runOnlyForDeploymentPostprocessing = 0;
		};
		35CCD1F72E9BC88500660DE4 /* Frameworks */ = {
			isa = PBXFrameworksBuildPhase;
			buildActionMask = 2147483647;
			files = (
			);
			runOnlyForDeploymentPostprocessing = 0;
		};
/* End PBXFrameworksBuildPhase section */

/* Begin PBXGroup section */
		353F23E92E95283600E670F3 = {
			isa = PBXGroup;
			children = (
				35B20C492E9BC34D005F4A10 /* Ex1 */,
				35CCD1F02E9BC79000660DE4 /* Ex2 */,
				35CCD1FB2E9BC88500660DE4 /* Ex3 */,
				353F23F32E95283600E670F3 /* Products */,
			);
			sourceTree = "<group>";
		};
		353F23F32E95283600E670F3 /* Products */ = {
			isa = PBXGroup;
			children = (
				353F23F22E95283600E670F3 /* XcodeCProjects */,
				35B20C482E9BC34D005F4A10 /* Ex1 */,
				35CCD1EF2E9BC79000660DE4 /* Ex2 */,
				35CCD1FA2E9BC88500660DE4 /* Ex3 */,
			);
			name = Products;
			sourceTree = "<group>";
		};
/* End PBXGroup section */

/* Begin PBXNativeTarget section */
		353F23F12E95283600E670F3 /* XcodeCProjects */ = {
			isa = PBXNativeTarget;
			buildConfigurationList = 353F23F92E95283600E670F3 /* Build configuration list for PBXNativeTarget "XcodeCProjects" */;
			buildPhases = (
				353F23EE2E95283600E670F3 /* Sources */,
				353F23EF2E95283600E670F3 /* Frameworks */,
				353F23F02E95283600E670F3 /* CopyFiles */,
			);
			buildRules = (
			);
			dependencies = (
			);
			name = XcodeCProjects;
			packageProductDependencies = (
			);
			productName = XcodeCProjects;
			productReference = 353F23F22E95283600E670F3 /* XcodeCProjects */;
			productType = "com.apple.product-type.tool";
		};
		35B20C472E9BC34D005F4A10 /* Ex1 */ = {
			isa = PBXNativeTarget;
			buildConfigurationList = 35B20C4E2E9BC34D005F4A10 /* Build configuration list for PBXNativeTarget "Ex1" */;
			buildPhases = (
				35B20C442E9BC34D005F4A10 /* Sources */,
				35B20C452E9BC34D005F4A10 /* Frameworks */,
				35B20C462E9BC34D005F4A10 /* CopyFiles */,
			);
			buildRules = (
			);
			dependencies = (
			);
			fileSystemSynchronizedGroups = (
				35B20C492E9BC34D005F4A10 /* Ex1 */,
			);
			name = Ex1;
			packageProductDependencies = (
			);
			productName = Ex1;
			productReference = 35B20C482E9BC34D005F4A10 /* Ex1 */;
			productType = "com.apple.product-type.tool";
		};
		35CCD1EE2E9BC79000660DE4 /* Ex2 */ = {
			isa = PBXNativeTarget;
			buildConfigurationList = 35CCD1F52E9BC79000660DE4 /* Build configuration list for PBXNativeTarget "Ex2" */;
			buildPhases = (
				35CCD1EB2E9BC79000660DE4 /* Sources */,
				35CCD1EC2E9BC79000660DE4 /* Frameworks */,
				35CCD1ED2E9BC79000660DE4 /* CopyFiles */,
			);
			buildRules = (
			);
			dependencies = (
			);
			fileSystemSynchronizedGroups = (
				35CCD1F02E9BC79000660DE4 /* Ex2 */,
			);
			name = Ex2;
			packageProductDependencies = (
			);
			productName = Ex2;
			productReference = 35CCD1EF2E9BC79000660DE4 /* Ex2 */;
			productType = "com.apple.product-type.tool";
		};
		35CCD1F92E9BC88500660DE4 /* Ex3 */ = {
			isa = PBXNativeTarget;
			buildConfigurationList = 35CCD1FE2E9BC88500660DE4 /* Build configuration list for PBXNativeTarget "Ex3" */;
			buildPhases = (
				35CCD1F62E9BC88500660DE4 /* Sources */,
				35CCD1F72E9BC88500660DE4 /* Frameworks */,
				35CCD1F82E9BC88500660DE4 /* CopyFiles */,
			);
			buildRules = (
			);
			dependencies = (
			);
			fileSystemSynchronizedGroups = (
				35CCD1FB2E9BC88500660DE4 /* Ex3 */,
			);
			name = Ex3;
			packageProductDependencies = (
			);
			productName = Ex3;
			productReference = 35CCD1FA2E9BC88500660DE4 /* Ex3 */;
			productType = "com.apple.product-type.tool";
		};
/* End PBXNativeTarget section */

/* Begin PBXProject section */
		353F23EA2E95283600E670F3 /* Project object */ = {
			isa = PBXProject;
			attributes = {
				BuildIndependentTargetsInParallel = 1;
				LastUpgradeCheck = 2600;
				TargetAttributes = {
					353F23F12E95283600E670F3 = {
						CreatedOnToolsVersion = 26.0.1;
					};
					35B20C472E9BC34D005F4A10 = {
						CreatedOnToolsVersion = 26.0.1;
					};
					35CCD1EE2E9BC79000660DE4 = {
						CreatedOnToolsVersion = 26.0.1;
					};
					35CCD1F92E9BC88500660DE4 = {
						CreatedOnToolsVersion = 26.0.1;
					};
				};
			};
			buildConfigurationList = 353F23ED2E95283600E670F3 /* Build configuration list for PBXProject "XcodeCProjects" */;
			developmentRegion = en;
			hasScannedForEncodings = 0;
			knownRegions = (
				en,
				Base,
			);
			mainGroup = 353F23E92E95283600E670F3;
			minimizedProjectReferenceProxies = 1;
			preferredProjectObjectVersion = 77;
			productRefGroup = 353F23F32E95283600E670F3 /* Products */;
			projectDirPath = "";
			projectRoot = "";
			targets = (
				353F23F12E95283600E670F3 /* XcodeCProjects */,
				35B20C472E9BC34D005F4A10 /* Ex1 */,
				35CCD1EE2E9BC79000660DE4 /* Ex2 */,
				35CCD1F92E9BC88500660DE4 /* Ex3 */,
			);
		};
/* End PBXProject section */

/* Begin PBXSourcesBuildPhase section */
		353F23EE2E95283600E670F3 /* Sources */ = {
			isa = PBXSourcesBuildPhase;
			buildActionMask = 2147483647;
			files = (
			);
			runOnlyForDeploymentPostprocessing = 0;
		};
		35B20C442E9BC34D005F4A10 /* Sources */ = {
			isa = PBXSourcesBuildPhase;
			buildActionMask = 2147483647;
			files = (
			);
			runOnlyForDeploymentPostprocessing = 0;
		};
		35CCD1EB2E9BC79000660DE4 /* Sources */ = {
			isa = PBXSourcesBuildPhase;
			buildActionMask = 2147483647;
			files = (
			);
			runOnlyForDeploymentPostprocessing = 0;
		};
		35CCD1F62E9BC88500660DE4 /* Sources */ = {
			isa = PBXSourcesBuildPhase;
			buildActionMask = 2147483647;
			files = (
			);
			runOnlyForDeploymentPostprocessing = 0;
		};
/* End PBXSourcesBuildPhase section */

/* Begin XCBuildConfiguration section */
		353F23F72E95283600E670F3 /* Debug */ = {
			isa = XCBuildConfiguration;
			buildSettings = {
				ALWAYS_SEARCH_USER_PATHS = NO;
				ASSETCATALOG_COMPILER_GENERATE_SWIFT_ASSET_SYMBOL_EXTENSIONS = YES;
				CLANG_ANALYZER_NONNULL = YES;
				CLANG_ANALYZER_NUMBER_OBJECT_CONVERSION = YES_AGGRESSIVE;
				CLANG_CXX_LANGUAGE_STANDARD = "gnu++20";
				CLANG_ENABLE_MODULES = YES;
				CLANG_ENABLE_OBJC_ARC = YES;
				CLANG_ENABLE_OBJC_WEAK = YES;
				CLANG_WARN_BLOCK_CAPTURE_AUTORELEASING = YES;
				CLANG_WARN_BOOL_CONVERSION = YES;
				CLANG_WARN_COMMA = YES;
				CLANG_WARN_CONSTANT_CONVERSION = YES;
				CLANG_WARN_DEPRECATED_OBJC_IMPLEMENTATIONS = YES;
				CLANG_WARN_DIRECT_OBJC_ISA_USAGE = YES_ERROR;
				CLANG_WARN_DOCUMENTATION_COMMENTS = YES;
				CLANG_WARN_EMPTY_BODY = YES;
				CLANG_WARN_ENUM_CONVERSION = YES;
				CLANG_WARN_INFINITE_RECURSION = YES;
				CLANG_WARN_INT_CONVERSION = YES;
				CLANG_WARN_NON_LITERAL_NULL_CONVERSION = YES;
				CLANG_WARN_OBJC_IMPLICIT_RETAIN_SELF = YES;
				CLANG_WARN_OBJC_LITERAL_CONVERSION = YES;
				CLANG_WARN_OBJC_ROOT_CLASS = YES_ERROR;
				CLANG_WARN_QUOTED_INCLUDE_IN_FRAMEWORK_HEADER = YES;
				CLANG_WARN_RANGE_LOOP_ANALYSIS = YES;
				CLANG_WARN_STRICT_PROTOTYPES = YES;
				CLANG_WARN_SUSPICIOUS_MOVE = YES;
				CLANG_WARN_UNGUARDED_AVAILABILITY = YES_AGGRESSIVE;
				CLANG_WARN_UNREACHABLE_CODE = YES;
				CLANG_WARN__DUPLICATE_METHOD_MATCH = YES;
				COPY_PHASE_STRIP = NO;
				DEBUG_INFORMATION_FORMAT = dwarf;
				DEVELOPMENT_TEAM = 4Y9AK76NRH;
				ENABLE_STRICT_OBJC_MSGSEND = YES;
				ENABLE_TESTABILITY = YES;
				ENABLE_USER_SCRIPT_SANDBOXING = YES;
				GCC_C_LANGUAGE_STANDARD = gnu17;
				GCC_DYNAMIC_NO_PIC = NO;
				GCC_NO_COMMON_BLOCKS = YES;
				GCC_OPTIMIZATION_LEVEL = 0;
				GCC_PREPROCESSOR_DEFINITIONS = (
					"DEBUG=1",
					"$(inherited)",
				);
				GCC_WARN_64_TO_32_BIT_CONVERSION = YES;
				GCC_WARN_ABOUT_RETURN_TYPE = YES_ERROR;
				GCC_WARN_UNDECLARED_SELECTOR = YES;
				GCC_WARN_UNINITIALIZED_AUTOS = YES_AGGRESSIVE;
				GCC_WARN_UNUSED_FUNCTION = YES;
				GCC_WARN_UNUSED_VARIABLE = YES;
				LOCALIZATION_PREFERS_STRING_CATALOGS = YES;
				MACOSX_DEPLOYMENT_TARGET = 26.0;
				MTL_ENABLE_DEBUG_INFO = INCLUDE_SOURCE;
				MTL_FAST_MATH = YES;
				ONLY_ACTIVE_ARCH = YES;
				SDKROOT = macosx;
			};
			name = Debug;
		};
		353F23F82E95283600E670F3 /* Release */ = {
			isa = XCBuildConfiguration;
			buildSettings = {
				ALWAYS_SEARCH_USER_PATHS = NO;
				ASSETCATALOG_COMPILER_GENERATE_SWIFT_ASSET_SYMBOL_EXTENSIONS = YES;
				CLANG_ANALYZER_NONNULL = YES;
				CLANG_ANALYZER_NUMBER_OBJECT_CONVERSION = YES_AGGRESSIVE;
				CLANG_CXX_LANGUAGE_STANDARD = "gnu++20";
				CLANG_ENABLE_MODULES = YES;
				CLANG_ENABLE_OBJC_ARC = YES;
				CLANG_ENABLE_OBJC_WEAK = YES;
				CLANG_WARN_BLOCK_CAPTURE_AUTORELEASING = YES;
				CLANG_WARN_BOOL_CONVERSION = YES;
				CLANG_WARN_COMMA = YES;
				CLANG_WARN_CONSTANT_CONVERSION = YES;
				CLANG_WARN_DEPRECATED_OBJC_IMPLEMENTATIONS = YES;
				CLANG_WARN_DIRECT_OBJC_ISA_USAGE = YES_ERROR;
				CLANG_WARN_DOCUMENTATION_COMMENTS = YES;
				CLANG_WARN_EMPTY_BODY = YES;
				CLANG_WARN_ENUM_CONVERSION = YES;
				CLANG_WARN_INFINITE_RECURSION = YES;
				CLANG_WARN_INT_CONVERSION = YES;
				CLANG_WARN_NON_LITERAL_NULL_CONVERSION = YES;
				CLANG_WARN_OBJC_IMPLICIT_RETAIN_SELF = YES;
				CLANG_WARN_OBJC_LITERAL_CONVERSION = YES;
				CLANG_WARN_OBJC_ROOT_CLASS = YES_ERROR;
				CLANG_WARN_QUOTED_INCLUDE_IN_FRAMEWORK_HEADER = YES;
				CLANG_WARN_RANGE_LOOP_ANALYSIS = YES;
				CLANG_WARN_STRICT_PROTOTYPES = YES;
				CLANG_WARN_SUSPICIOUS_MOVE = YES;
				CLANG_WARN_UNGUARDED_AVAILABILITY = YES_AGGRESSIVE;
				CLANG_WARN_UNREACHABLE_CODE = YES;
				CLANG_WARN__DUPLICATE_METHOD_MATCH = YES;
				COPY_PHASE_STRIP = NO;
				DEBUG_INFORMATION_FORMAT = "dwarf-with-dsym";
				DEVELOPMENT_TEAM = 4Y9AK76NRH;
				ENABLE_NS_ASSERTIONS = NO;
				ENABLE_STRICT_OBJC_MSGSEND = YES;
				ENABLE_USER_SCRIPT_SANDBOXING = YES;
				GCC_C_LANGUAGE_STANDARD = gnu17;
				GCC_NO_COMMON_BLOCKS = YES;
				GCC_WARN_64_TO_32_BIT_CONVERSION = YES;
				GCC_WARN_ABOUT_RETURN_TYPE = YES_ERROR;
				GCC_WARN_UNDECLARED_SELECTOR = YES;
				GCC_WARN_UNINITIALIZED_AUTOS = YES_AGGRESSIVE;
				GCC_WARN_UNUSED_FUNCTION = YES;
				GCC_WARN_UNUSED_VARIABLE = YES;
				LOCALIZATION_PREFERS_STRING_CATALOGS = YES;
				MACOSX_DEPLOYMENT_TARGET = 26.0;
				MTL_ENABLE_DEBUG_INFO = NO;
				MTL_FAST_MATH = YES;
				SDKROOT = macosx;
			};
			name = Release;
		};
		353F23FA2E95283600E670F3 /* Debug */ = {
			isa = XCBuildConfiguration;
			buildSettings = {
				CODE_SIGN_STYLE = Automatic;
				DEVELOPMENT_TEAM = 4Y9AK76NRH;
				ENABLE_HARDENED_RUNTIME = YES;
				PRODUCT_NAME = "$(TARGET_NAME)";
			};
			name = Debug;
		};
		353F23FB2E95283600E670F3 /* Release */ = {
			isa = XCBuildConfiguration;
			buildSettings = {
				CODE_SIGN_STYLE = Automatic;
				DEVELOPMENT_TEAM = 4Y9AK76NRH;
				ENABLE_HARDENED_RUNTIME = YES;
				PRODUCT_NAME = "$(TARGET_NAME)";
			};
			name = Release;
		};
		35B20C4C2E9BC34D005F4A10 /* Debug */ = {
			isa = XCBuildConfiguration;
			buildSettings = {
				CODE_SIGN_STYLE = Automatic;
				DEVELOPMENT_TEAM = 4Y9AK76NRH;
				ENABLE_HARDENED_RUNTIME = YES;
				PRODUCT_NAME = "$(TARGET_NAME)";
			};
			name = Debug;
		};
		35B20C4D2E9BC34D005F4A10 /* Release */ = {
			isa = XCBuildConfiguration;
			buildSettings = {
				CODE_SIGN_STYLE = Automatic;
				DEVELOPMENT_TEAM = 4Y9AK76NRH;
				ENABLE_HARDENED_RUNTIME = YES;
				PRODUCT_NAME = "$(TARGET_NAME)";
			};
			name = Release;
		};
		35CCD1F32E9BC79000660DE4 /* Debug */ = {
			isa = XCBuildConfiguration;
			buildSettings = {
				CODE_SIGN_STYLE = Automatic;
				DEVELOPMENT_TEAM = 4Y9AK76NRH;
				ENABLE_HARDENED_RUNTIME = YES;
				PRODUCT_NAME = "$(TARGET_NAME)";
			};
			name = Debug;
		};
		35CCD1F42E9BC79000660DE4 /* Release */ = {
			isa = XCBuildConfiguration;
			buildSettings = {
				CODE_SIGN_STYLE = Automatic;
				DEVELOPMENT_TEAM = 4Y9AK76NRH;
				ENABLE_HARDENED_RUNTIME = YES;
				PRODUCT_NAME = "$(TARGET_NAME)";
			};
			name = Release;
		};
		35CCD1FF2E9BC88500660DE4 /* Debug */ = {
			isa = XCBuildConfiguration;
			buildSettings = {
				CODE_SIGN_STYLE = Automatic;
				DEVELOPMENT_TEAM = 4Y9AK76NRH;
				ENABLE_HARDENED_RUNTIME = YES;
				PRODUCT_NAME = "$(TARGET_NAME)";
			};
			name = Debug;
		};
		35CCD2002E9BC88500660DE4 /* Release */ = {
			isa = XCBuildConfiguration;
			buildSettings = {
				CODE_SIGN_STYLE = Automatic;
				DEVELOPMENT_TEAM = 4Y9AK76NRH;
				ENABLE_HARDENED_RUNTIME = YES;
				PRODUCT_NAME = "$(TARGET_NAME)";
			};
			name = Release;
		};
/* End XCBuildConfiguration section */

/* Begin XCConfigurationList section */
		353F23ED2E95283600E670F3 /* Build configuration list for PBXProject "XcodeCProjects" */ = {
			isa = XCConfigurationList;
			buildConfigurations = (
				353F23F72E95283600E670F3 /* Debug */,
				353F23F82E95283600E670F3 /* Release */,
			);
			defaultConfigurationIsVisible = 0;
			defaultConfigurationName = Release;
		};
		353F23F92E95283600E670F3 /* Build configuration list for PBXNativeTarget "XcodeCProjects" */ = {
			isa = XCConfigurationList;
			buildConfigurations = (
				353F23FA2E95283600E670F3 /* Debug */,
				353F23FB2E95283600E670F3 /* Release */,
			);
			defaultConfigurationIsVisible = 0;
			defaultConfigurationName = Release;
		};
		35B20C4E2E9BC34D005F4A10 /* Build configuration list for PBXNativeTarget "Ex1" */ = {
			isa = XCConfigurationList;
			buildConfigurations = (
				35B20C4C2E9BC34D005F4A10 /* Debug */,
				35B20C4D2E9BC34D005F4A10 /* Release */,
			);
			defaultConfigurationIsVisible = 0;
			defaultConfigurationName = Release;
		};
		35CCD1F52E9BC79000660DE4 /* Build configuration list for PBXNativeTarget "Ex2" */ = {
			isa = XCConfigurationList;
			buildConfigurations = (
				35CCD1F32E9BC79000660DE4 /* Debug */,
				35CCD1F42E9BC79000660DE4 /* Release */,
			);
			defaultConfigurationIsVisible = 0;
			defaultConfigurationName = Release;
		};
		35CCD1FE2E9BC88500660DE4 /* Build configuration list for PBXNativeTarget "Ex3" */ = {
			isa = XCConfigurationList;
			buildConfigurations = (
				35CCD1FF2E9BC88500660DE4 /* Debug */,
				35CCD2002E9BC88500660DE4 /* Release */,
			);
			defaultConfigurationIsVisible = 0;
			defaultConfigurationName = Release;
		};
/* End XCConfigurationList section */
	};
	rootObject = 353F23EA2E95283600E670F3 /* Project object */;
}
